<?xml version="1.0" encoding="utf-8"?>
<Project ToolsVersion="14.0" xmlns="http://schemas.microsoft.com/developer/msbuild/2003">
  <ItemGroup>
    <ClCompile Include="src\mozjpeg\jcapimin.c">
      <Filter>Source Files</Filter>
    </ClCompile>
    <ClCompile Include="src\mozjpeg\jcapistd.c">
      <Filter>Source Files</Filter>
    </ClCompile>
    <ClCompile Include="src\mozjpeg\jccoefct.c">
      <Filter>Source Files</Filter>
    </ClCompile>
    <ClCompile Include="src\mozjpeg\jccolor.c">
      <Filter>Source Files</Filter>
    </ClCompile>
    <ClCompile Include="src\mozjpeg\jcdctmgr.c">
      <Filter>Source Files</Filter>
    </ClCompile>
    <ClCompile Include="src\mozjpeg\jcext.c">
      <Filter>Source Files</Filter>
    </ClCompile>
    <ClCompile Include="src\mozjpeg\jchuff.c">
      <Filter>Source Files</Filter>
    </ClCompile>
    <ClCompile Include="src\mozjpeg\jcicc.c">
      <Filter>Source Files</Filter>
    </ClCompile>
    <ClCompile Include="src\mozjpeg\jcinit.c">
      <Filter>Source Files</Filter>
    </ClCompile>
    <ClCompile Include="src\mozjpeg\jcmainct.c">
      <Filter>Source Files</Filter>
    </ClCompile>
    <ClCompile Include="src\mozjpeg\jcmarker.c">
      <Filter>Source Files</Filter>
    </ClCompile>
    <ClCompile Include="src\mozjpeg\jcmaster.c">
      <Filter>Source Files</Filter>
    </ClCompile>
    <ClCompile Include="src\mozjpeg\jcomapi.c">
      <Filter>Source Files</Filter>
    </ClCompile>
    <ClCompile Include="src\mozjpeg\jcparam.c">
      <Filter>Source Files</Filter>
    </ClCompile>
    <ClCompile Include="src\mozjpeg\jcphuff.c">
      <Filter>Source Files</Filter>
    </ClCompile>
    <ClCompile Include="src\mozjpeg\jcprepct.c">
      <Filter>Source Files</Filter>
    </ClCompile>
    <ClCompile Include="src\mozjpeg\jcsample.c">
      <Filter>Source Files</Filter>
    </ClCompile>
    <ClCompile Include="src\mozjpeg\jctrans.c">
      <Filter>Source Files</Filter>
    </ClCompile>
    <ClCompile Include="src\mozjpeg\jdapimin.c">
      <Filter>Source Files</Filter>
    </ClCompile>
    <ClCompile Include="src\mozjpeg\jdapistd.c">
      <Filter>Source Files</Filter>
    </ClCompile>
    <ClCompile Include="src\mozjpeg\jdatadst.c">
      <Filter>Source Files</Filter>
    </ClCompile>
    <ClCompile Include="src\mozjpeg\jdatasrc.c">
      <Filter>Source Files</Filter>
    </ClCompile>
    <ClCompile Include="src\mozjpeg\jdcoefct.c">
      <Filter>Source Files</Filter>
    </ClCompile>
    <ClCompile Include="src\mozjpeg\jdcolor.c">
      <Filter>Source Files</Filter>
    </ClCompile>
    <ClCompile Include="src\mozjpeg\jddctmgr.c">
      <Filter>Source Files</Filter>
    </ClCompile>
    <ClCompile Include="src\mozjpeg\jdhuff.c">
      <Filter>Source Files</Filter>
    </ClCompile>
    <ClCompile Include="src\mozjpeg\jdicc.c">
      <Filter>Source Files</Filter>
    </ClCompile>
    <ClCompile Include="src\mozjpeg\jdinput.c">
      <Filter>Source Files</Filter>
    </ClCompile>
    <ClCompile Include="src\mozjpeg\jdmainct.c">
      <Filter>Source Files</Filter>
    </ClCompile>
    <ClCompile Include="src\mozjpeg\jdmarker.c">
      <Filter>Source Files</Filter>
    </ClCompile>
    <ClCompile Include="src\mozjpeg\jdmaster.c">
      <Filter>Source Files</Filter>
    </ClCompile>
    <ClCompile Include="src\mozjpeg\jdmerge.c">
      <Filter>Source Files</Filter>
    </ClCompile>
    <ClCompile Include="src\mozjpeg\jdphuff.c">
      <Filter>Source Files</Filter>
    </ClCompile>
    <ClCompile Include="src\mozjpeg\jdpostct.c">
      <Filter>Source Files</Filter>
    </ClCompile>
    <ClCompile Include="src\mozjpeg\jdsample.c">
      <Filter>Source Files</Filter>
    </ClCompile>
    <ClCompile Include="src\mozjpeg\jdtrans.c">
      <Filter>Source Files</Filter>
    </ClCompile>
    <ClCompile Include="src\mozjpeg\jerror.c">
      <Filter>Source Files</Filter>
    </ClCompile>
    <ClCompile Include="src\mozjpeg\jfdctflt.c">
      <Filter>Source Files</Filter>
    </ClCompile>
    <ClCompile Include="src\mozjpeg\jfdctfst.c">
      <Filter>Source Files</Filter>
    </ClCompile>
    <ClCompile Include="src\mozjpeg\jfdctint.c">
      <Filter>Source Files</Filter>
    </ClCompile>
    <ClCompile Include="src\mozjpeg\jidctflt.c">
      <Filter>Source Files</Filter>
    </ClCompile>
    <ClCompile Include="src\mozjpeg\jidctfst.c">
      <Filter>Source Files</Filter>
    </ClCompile>
    <ClCompile Include="src\mozjpeg\jidctint.c">
      <Filter>Source Files</Filter>
    </ClCompile>
    <ClCompile Include="src\mozjpeg\jidctred.c">
      <Filter>Source Files</Filter>
    </ClCompile>
    <ClCompile Include="src\mozjpeg\jquant1.c">
      <Filter>Source Files</Filter>
    </ClCompile>
    <ClCompile Include="src\mozjpeg\jquant2.c">
      <Filter>Source Files</Filter>
    </ClCompile>
    <ClCompile Include="src\mozjpeg\jutils.c">
      <Filter>Source Files</Filter>
    </ClCompile>
    <ClCompile Include="src\mozjpeg\jmemmgr.c">
      <Filter>Source Files</Filter>
    </ClCompile>
    <ClCompile Include="src\mozjpeg\jmemnobs.c">
      <Filter>Source Files</Filter>
    </ClCompile>
    <ClCompile Include="src\mozjpeg\jaricom.c">
      <Filter>Source Files</Filter>
    </ClCompile>
    <ClCompile Include="src\mozjpeg\jcarith.c">
      <Filter>Source Files</Filter>
    </ClCompile>
    <ClCompile Include="src\mozjpeg\jdarith.c">
      <Filter>Source Files</Filter>
    </ClCompile>
    <ClCompile Include="src\mozjpeg\simd\x86_64\jsimd.c">
      <Filter>Source Files</Filter>
    </ClCompile>
  </ItemGroup>
  <ItemGroup>
    <Filter Include="Source Files">
      <UniqueIdentifier>{491C6D89-E379-365A-AECD-A59D998E9D43}</UniqueIdentifier>
    </Filter>
    <Filter Include="ASM Files">
      <UniqueIdentifier>{A63DFF24-77FE-38AB-BA59-931ADAE23823}</UniqueIdentifier>
    </Filter>
  </ItemGroup>
  <ItemGroup>
    <NASM Include="src\mozjpeg\simd\x86_64\jsimdcpu.asm">
      <Filter>ASM Files</Filter>
    </NASM>
    <NASM Include="src\mozjpeg\simd\x86_64\jfdctflt-sse.asm">
      <Filter>ASM Files</Filter>
    </NASM>
    <NASM Include="src\mozjpeg\simd\x86_64\jccolor-sse2.asm">
      <Filter>ASM Files</Filter>
    </NASM>
    <NASM Include="src\mozjpeg\simd\x86_64\jcgray-sse2.asm">
      <Filter>ASM Files</Filter>
    </NASM>
    <NASM Include="src\mozjpeg\simd\x86_64\jchuff-sse2.asm">
      <Filter>ASM Files</Filter>
    </NASM>
    <NASM Include="src\mozjpeg\simd\x86_64\jcphuff-sse2.asm">
      <Filter>ASM Files</Filter>
    </NASM>
    <NASM Include="src\mozjpeg\simd\x86_64\jcsample-sse2.asm">
      <Filter>ASM Files</Filter>
    </NASM>
    <NASM Include="src\mozjpeg\simd\x86_64\jdcolor-sse2.asm">
      <Filter>ASM Files</Filter>
    </NASM>
    <NASM Include="src\mozjpeg\simd\x86_64\jdmerge-sse2.asm">
      <Filter>ASM Files</Filter>
    </NASM>
    <NASM Include="src\mozjpeg\simd\x86_64\jdsample-sse2.asm">
      <Filter>ASM Files</Filter>
    </NASM>
    <NASM Include="src\mozjpeg\simd\x86_64\jfdctfst-sse2.asm">
      <Filter>ASM Files</Filter>
    </NASM>
    <NASM Include="src\mozjpeg\simd\x86_64\jfdctint-sse2.asm">
      <Filter>ASM Files</Filter>
    </NASM>
    <NASM Include="src\mozjpeg\simd\x86_64\jidctflt-sse2.asm">
      <Filter>ASM Files</Filter>
    </NASM>
    <NASM Include="src\mozjpeg\simd\x86_64\jidctfst-sse2.asm">
      <Filter>ASM Files</Filter>
    </NASM>
    <NASM Include="src\mozjpeg\simd\x86_64\jidctint-sse2.asm">
      <Filter>ASM Files</Filter>
    </NASM>
    <NASM Include="src\mozjpeg\simd\x86_64\jidctred-sse2.asm">
      <Filter>ASM Files</Filter>
    </NASM>
    <NASM Include="src\mozjpeg\simd\x86_64\jquantf-sse2.asm">
      <Filter>ASM Files</Filter>
    </NASM>
    <NASM Include="src\mozjpeg\simd\x86_64\jquanti-sse2.asm">
      <Filter>ASM Files</Filter>
    </NASM>
    <NASM Include="src\mozjpeg\simd\x86_64\jccolor-avx2.asm">
      <Filter>ASM Files</Filter>
    </NASM>
    <NASM Include="src\mozjpeg\simd\x86_64\jcgray-avx2.asm">
      <Filter>ASM Files</Filter>
    </NASM>
    <NASM Include="src\mozjpeg\simd\x86_64\jcsample-avx2.asm">
      <Filter>ASM Files</Filter>
    </NASM>
    <NASM Include="src\mozjpeg\simd\x86_64\jdcolor-avx2.asm">
      <Filter>ASM Files</Filter>
    </NASM>
    <NASM Include="src\mozjpeg\simd\x86_64\jdmerge-avx2.asm">
      <Filter>ASM Files</Filter>
    </NASM>
    <NASM Include="src\mozjpeg\simd\x86_64\jdsample-avx2.asm">
      <Filter>ASM Files</Filter>
    </NASM>
    <NASM Include="src\mozjpeg\simd\x86_64\jfdctint-avx2.asm">
      <Filter>ASM Files</Filter>
    </NASM>
    <NASM Include="src\mozjpeg\simd\x86_64\jidctint-avx2.asm">
      <Filter>ASM Files</Filter>
    </NASM>
    <NASM Include="src\mozjpeg\simd\x86_64\jquanti-avx2.asm">
      <Filter>ASM Files</Filter>
    </NASM>
  </ItemGroup>
</Project>
